
Microsoft Visual Studio Solution File, Format Version 12.00
# Visual Studio 15
VisualStudioVersion = 15.0.27130.2003
MinimumVisualStudioVersion = 10.0.40219.1
Project("{FAE04EC0-301F-11D3-BF4B-00C04F79EFBC}") = "Lights Out Enter Form", "Lights Out Enter Form\Lights Out Enter Form.csproj", "{E18E17E9-095D-47CB-B453-64AF9DB3FC5F}"
EndProject
Global
	GlobalSection(SolutionConfigurationPlatforms) = preSolution
		Debug|Any CPU = Debug|Any CPU
		Release|Any CPU = Release|Any CPU
	EndGlobalSection
	GlobalSection(ProjectConfigurationPlatforms) = postSolution
		{E18E17E9-095D-47CB-B453-64AF9DB3FC5F}.Debug|Any CPU.ActiveCfg = Debug|Any CPU
		{E18E17E9-095D-47CB-B453-64AF9DB3FC5F}.Debug|Any CPU.Build.0 = Debug|Any CPU
		{E18E17E9-095D-47CB-B453-64AF9DB3FC5F}.Release|Any CPU.ActiveCfg = Release|Any CPU
		{E18E17E9-095D-47CB-B453-64AF9DB3FC5F}.Release|Any CPU.Build.0 = Release|Any CPU
	EndGlobalSection
	GlobalSection(SolutionProperties) = preSolution
		HideSolutionNode = FALSE
	EndGlobalSection
	GlobalSection(ExtensibilityGlobals) = postSolution
		SolutionGuid = {D7A9704F-00AF-40A3-8CD4-DDF47BF08FC0}
	EndGlobalSection
EndGlobal
